<?xml version="1.0" encoding="utf-8"?>
<Project ToolsVersion="4.0" xmlns="http://schemas.microsoft.com/developer/msbuild/2003">
  <ItemGroup>
    <Filter Include="Main">
      <UniqueIdentifier>{57cadad2-3ad1-4f1b-8c66-b9c17e4e3b3a}</UniqueIdentifier>
    </Filter>
    <Filter Include="Libs">
      <UniqueIdentifier>{92af23bd-f005-42ba-98b5-fbe71e2dc9cc}</UniqueIdentifier>
    </Filter>
    <Filter Include="Libs\src">
      <UniqueIdentifier>{14cda61a-945e-4c94-9908-fc9ef8b45ba8}</UniqueIdentifier>
    </Filter>
    <Filter Include="Libs\include">
      <UniqueIdentifier>{5699aa80-9dca-4a2f-9ed3-4911c05b28a9}</UniqueIdentifier>
    </Filter>
    <Filter Include="Library">
      <UniqueIdentifier>{92f1d6bd-efa2-4f87-accd-2c26c6f037a1}</UniqueIdentifier>
    </Filter>
    <Filter Include="Library\include">
      <UniqueIdentifier>{83483a77-34c7-4265-8f7a-d08b3dc66ce8}</UniqueIdentifier>
    </Filter>
    <Filter Include="Library\src">
      <UniqueIdentifier>{00ffa5df-1b36-456a-8a9f-b5f5cf7ef6ae}</UniqueIdentifier>
    </Filter>
    <Filter Include="tables">
      <UniqueIdentifier>{3b9f5d41-8f0b-4429-ab84-409e95a39630}</UniqueIdentifier>
    </Filter>
  </ItemGroup>
  <ItemGroup>
    <ClCompile Include="main.cpp">
      <Filter>Main</Filter>
    </ClCompile>
    <ClCompile Include="Library.cpp">
      <Filter>Library\src</Filter>
    </ClCompile>
  </ItemGroup>
  <ItemGroup>
    <ClInclude Include="CSV.h">
      <Filter>Libs\include</Filter>
    </ClInclude>
    <ClInclude Include="Time.h">
      <Filter>Libs\include</Filter>
    </ClInclude>
    <ClInclude Include="Library.h">
      <Filter>Library\include</Filter>
    </ClInclude>
    <ClInclude Include="Parse.h">
      <Filter>Libs\include</Filter>
    </ClInclude>
    <ClInclude Include="DataBase.h">
      <Filter>Libs\include</Filter>
    </ClInclude>
  </ItemGroup>
  <ItemGroup>
    <Library Include="CSV_lib.lib">
      <Filter>Libs\src</Filter>
    </Library>
  </ItemGroup>
  <ItemGroup>
    <Text Include="Subjects.csv">
      <Filter>tables</Filter>
    </Text>
  </ItemGroup>
  <ItemGroup>
    <None Include="Students.csv">
      <Filter>tables</Filter>
    </None>
    <None Include="Books.csv">
      <Filter>tables</Filter>
    </None>
    <None Include="Abonements.csv">
      <Filter>tables</Filter>
    </None>
  </ItemGroup>
</Project>